
Microsoft Visual Studio Solution File, Format Version 12.00
Project("{FAE04EC0-301F-11D3-BF4B-00C04F79EFBC}") = "LabMaui", "LabMaui\LabMaui.csproj", "{6273CFEB-FE54-430E-A1CC-862C93169462}"
EndProject
Project("{FAE04EC0-301F-11D3-BF4B-00C04F79EFBC}") = "CalculateLib", "CalculateLib\CalculateLib.csproj", "{1ABBCE8B-FA67-46C5-9DC6-32D8FFFDD624}"
EndProject
Global
	GlobalSection(SolutionConfigurationPlatforms) = preSolution
		Debug|Any CPU = Debug|Any CPU
		Release|Any CPU = Release|Any CPU
	EndGlobalSection
	GlobalSection(ProjectConfigurationPlatforms) = postSolution
		{6273CFEB-FE54-430E-A1CC-862C93169462}.Debug|Any CPU.ActiveCfg = Debug|Any CPU
		{6273CFEB-FE54-430E-A1CC-862C93169462}.Debug|Any CPU.Build.0 = Debug|Any CPU
		{6273CFEB-FE54-430E-A1CC-862C93169462}.Release|Any CPU.ActiveCfg = Release|Any CPU
		{6273CFEB-FE54-430E-A1CC-862C93169462}.Release|Any CPU.Build.0 = Release|Any CPU
		{1ABBCE8B-FA67-46C5-9DC6-32D8FFFDD624}.Debug|Any CPU.ActiveCfg = Debug|Any CPU
		{1ABBCE8B-FA67-46C5-9DC6-32D8FFFDD624}.Debug|Any CPU.Build.0 = Debug|Any CPU
		{1ABBCE8B-FA67-46C5-9DC6-32D8FFFDD624}.Release|Any CPU.ActiveCfg = Release|Any CPU
		{1ABBCE8B-FA67-46C5-9DC6-32D8FFFDD624}.Release|Any CPU.Build.0 = Release|Any CPU
	EndGlobalSection
EndGlobal
